// !$*UTF8*$!
{
	archiveVersion = 1;
	classes = {
	};
	objectVersion = 55;
	objects = {

/* Begin PBXBuildFile section */
		915FB51F276FD01300CAC2E4 /* SwiftUI_ToDo_AppApp.swift in Sources */ = {isa = PBXBuildFile; fileRef = 915FB51E276FD01300CAC2E4 /* SwiftUI_ToDo_AppApp.swift */; };
		915FB521276FD01300CAC2E4 /* ContentView.swift in Sources */ = {isa = PBXBuildFile; fileRef = 915FB520276FD01300CAC2E4 /* ContentView.swift */; };
		915FB523276FD01400CAC2E4 /* Assets.xcassets in Resources */ = {isa = PBXBuildFile; fileRef = 915FB522276FD01400CAC2E4 /* Assets.xcassets */; };
		915FB526276FD01400CAC2E4 /* Preview Assets.xcassets in Resources */ = {isa = PBXBuildFile; fileRef = 915FB525276FD01400CAC2E4 /* Preview Assets.xcassets */; };
		915FB52D276FD69300CAC2E4 /* TasksView.swift in Sources */ = {isa = PBXBuildFile; fileRef = 915FB52C276FD69300CAC2E4 /* TasksView.swift */; };
		915FB531276FD87500CAC2E4 /* TaskRow.swift in Sources */ = {isa = PBXBuildFile; fileRef = 915FB530276FD87500CAC2E4 /* TaskRow.swift */; };
		915FB533276FD92400CAC2E4 /* AddTaskView.swift in Sources */ = {isa = PBXBuildFile; fileRef = 915FB532276FD92400CAC2E4 /* AddTaskView.swift */; };
		915FB535276FDC0E00CAC2E4 /* SmallAddButton.swift in Sources */ = {isa = PBXBuildFile; fileRef = 915FB534276FDC0E00CAC2E4 /* SmallAddButton.swift */; };
		915FB538276FE3DB00CAC2E4 /* Realm in Frameworks */ = {isa = PBXBuildFile; productRef = 915FB537276FE3DB00CAC2E4 /* Realm */; };
		915FB53A276FE3DB00CAC2E4 /* RealmSwift in Frameworks */ = {isa = PBXBuildFile; productRef = 915FB539276FE3DB00CAC2E4 /* RealmSwift */; };
		915FB53C276FE40100CAC2E4 /* RealmManager.swift in Sources */ = {isa = PBXBuildFile; fileRef = 915FB53B276FE40100CAC2E4 /* RealmManager.swift */; };
/* End PBXBuildFile section */

/* Begin PBXFileReference section */
		915FB51B276FD01300CAC2E4 /* SwiftUI_ToDo_App.app */ = {isa = PBXFileReference; explicitFileType = wrapper.application; includeInIndex = 0; path = SwiftUI_ToDo_App.app; sourceTree = BUILT_PRODUCTS_DIR; };
		915FB51E276FD01300CAC2E4 /* SwiftUI_ToDo_AppApp.swift */ = {isa = PBXFileReference; lastKnownFileType = sourcecode.swift; path = SwiftUI_ToDo_AppApp.swift; sourceTree = "<group>"; };
		915FB520276FD01300CAC2E4 /* ContentView.swift */ = {isa = PBXFileReference; lastKnownFileType = sourcecode.swift; path = ContentView.swift; sourceTree = "<group>"; };
		915FB522276FD01400CAC2E4 /* Assets.xcassets */ = {isa = PBXFileReference; lastKnownFileType = folder.assetcatalog; path = Assets.xcassets; sourceTree = "<group>"; };
		915FB525276FD01400CAC2E4 /* Preview Assets.xcassets */ = {isa = PBXFileReference; lastKnownFileType = folder.assetcatalog; path = "Preview Assets.xcassets"; sourceTree = "<group>"; };
		915FB52C276FD69300CAC2E4 /* TasksView.swift */ = {isa = PBXFileReference; lastKnownFileType = sourcecode.swift; path = TasksView.swift; sourceTree = "<group>"; };
		915FB530276FD87500CAC2E4 /* TaskRow.swift */ = {isa = PBXFileReference; lastKnownFileType = sourcecode.swift; path = TaskRow.swift; sourceTree = "<group>"; };
		915FB532276FD92400CAC2E4 /* AddTaskView.swift */ = {isa = PBXFileReference; lastKnownFileType = sourcecode.swift; path = AddTaskView.swift; sourceTree = "<group>"; };
		915FB534276FDC0E00CAC2E4 /* SmallAddButton.swift */ = {isa = PBXFileReference; lastKnownFileType = sourcecode.swift; path = SmallAddButton.swift; sourceTree = "<group>"; };
		915FB53B276FE40100CAC2E4 /* RealmManager.swift */ = {isa = PBXFileReference; lastKnownFileType = sourcecode.swift; path = RealmManager.swift; sourceTree = "<group>"; };
/* End PBXFileReference section */

/* Begin PBXFrameworksBuildPhase section */
		915FB518276FD01300CAC2E4 /* Frameworks */ = {
			isa = PBXFrameworksBuildPhase;
			buildActionMask = 2147483647;
			files = (
				915FB53A276FE3DB00CAC2E4 /* RealmSwift in Frameworks */,
				915FB538276FE3DB00CAC2E4 /* Realm in Frameworks */,
			);
			runOnlyForDeploymentPostprocessing = 0;
		};
/* End PBXFrameworksBuildPhase section */

/* Begin PBXGroup section */
		915FB512276FD01300CAC2E4 = {
			isa = PBXGroup;
			children = (
				915FB51D276FD01300CAC2E4 /* SwiftUI_ToDo_App */,
				915FB51C276FD01300CAC2E4 /* Products */,
			);
			sourceTree = "<group>";
		};
		915FB51C276FD01300CAC2E4 /* Products */ = {
			isa = PBXGroup;
			children = (
				915FB51B276FD01300CAC2E4 /* SwiftUI_ToDo_App.app */,
			);
			name = Products;
			sourceTree = "<group>";
		};
		915FB51D276FD01300CAC2E4 /* SwiftUI_ToDo_App */ = {
			isa = PBXGroup;
			children = (
				915FB52F276FD85B00CAC2E4 /* Components */,
				915FB52E276FD6A200CAC2E4 /* Views */,
				915FB51E276FD01300CAC2E4 /* SwiftUI_ToDo_AppApp.swift */,
				915FB522276FD01400CAC2E4 /* Assets.xcassets */,
				915FB524276FD01400CAC2E4 /* Preview Content */,
				915FB53B276FE40100CAC2E4 /* RealmManager.swift */,
			);
			path = SwiftUI_ToDo_App;
			sourceTree = "<group>";
		};
		915FB524276FD01400CAC2E4 /* Preview Content */ = {
			isa = PBXGroup;
			children = (
				915FB525276FD01400CAC2E4 /* Preview Assets.xcassets */,
			);
			path = "Preview Content";
			sourceTree = "<group>";
		};
		915FB52E276FD6A200CAC2E4 /* Views */ = {
			isa = PBXGroup;
			children = (
				915FB520276FD01300CAC2E4 /* ContentView.swift */,
				915FB52C276FD69300CAC2E4 /* TasksView.swift */,
				915FB532276FD92400CAC2E4 /* AddTaskView.swift */,
			);
			path = Views;
			sourceTree = "<group>";
		};
		915FB52F276FD85B00CAC2E4 /* Components */ = {
			isa = PBXGroup;
			children = (
				915FB530276FD87500CAC2E4 /* TaskRow.swift */,
				915FB534276FDC0E00CAC2E4 /* SmallAddButton.swift */,
			);
			path = Components;
			sourceTree = "<group>";
		};
/* End PBXGroup section */

/* Begin PBXNativeTarget section */
		915FB51A276FD01300CAC2E4 /* SwiftUI_ToDo_App */ = {
			isa = PBXNativeTarget;
			buildConfigurationList = 915FB529276FD01400CAC2E4 /* Build configuration list for PBXNativeTarget "SwiftUI_ToDo_App" */;
			buildPhases = (
				915FB517276FD01300CAC2E4 /* Sources */,
				915FB518276FD01300CAC2E4 /* Frameworks */,
				915FB519276FD01300CAC2E4 /* Resources */,
			);
			buildRules = (
			);
			dependencies = (
			);
			name = SwiftUI_ToDo_App;
			packageProductDependencies = (
				915FB537276FE3DB00CAC2E4 /* Realm */,
				915FB539276FE3DB00CAC2E4 /* RealmSwift */,
			);
			productName = SwiftUI_ToDo_App;
			productReference = 915FB51B276FD01300CAC2E4 /* SwiftUI_ToDo_App.app */;
			productType = "com.apple.product-type.application";
		};
/* End PBXNativeTarget section */

/* Begin PBXProject section */
		915FB513276FD01300CAC2E4 /* Project object */ = {
			isa = PBXProject;
			attributes = {
				BuildIndependentTargetsInParallel = 1;
				LastSwiftUpdateCheck = 1320;
				LastUpgradeCheck = 1320;
				TargetAttributes = {
					915FB51A276FD01300CAC2E4 = {
						CreatedOnToolsVersion = 13.2.1;
					};
				};
			};
			buildConfigurationList = 915FB516276FD01300CAC2E4 /* Build configuration list for PBXProject "SwiftUI_ToDo_App" */;
			compatibilityVersion = "Xcode 13.0";
			developmentRegion = en;
			hasScannedForEncodings = 0;
			knownRegions = (
				en,
				Base,
			);
			mainGroup = 915FB512276FD01300CAC2E4;
			packageReferences = (
				915FB536276FE3DB00CAC2E4 /* XCRemoteSwiftPackageReference "realm-swift" */,
			);
			productRefGroup = 915FB51C276FD01300CAC2E4 /* Products */;
			projectDirPath = "";
			projectRoot = "";
			targets = (
				915FB51A276FD01300CAC2E4 /* SwiftUI_ToDo_App */,
			);
		};
/* End PBXProject section */

/* Begin PBXResourcesBuildPhase section */
		915FB519276FD01300CAC2E4 /* Resources */ = {
			isa = PBXResourcesBuildPhase;
			buildActionMask = 2147483647;
			files = (
				915FB526276FD01400CAC2E4 /* Preview Assets.xcassets in Resources */,
				915FB523276FD01400CAC2E4 /* Assets.xcassets in Resources */,
			);
			runOnlyForDeploymentPostprocessing = 0;
		};
/* End PBXResourcesBuildPhase section */

/* Begin PBXSourcesBuildPhase section */
		915FB517276FD01300CAC2E4 /* Sources */ = {
			isa = PBXSourcesBuildPhase;
			buildActionMask = 2147483647;
			files = (
				915FB521276FD01300CAC2E4 /* ContentView.swift in Sources */,
				915FB533276FD92400CAC2E4 /* AddTaskView.swift in Sources */,
				915FB52D276FD69300CAC2E4 /* TasksView.swift in Sources */,
				915FB535276FDC0E00CAC2E4 /* SmallAddButton.swift in Sources */,
				915FB51F276FD01300CAC2E4 /* SwiftUI_ToDo_AppApp.swift in Sources */,
				915FB53C276FE40100CAC2E4 /* RealmManager.swift in Sources */,
				915FB531276FD87500CAC2E4 /* TaskRow.swift in Sources */,
			);
			runOnlyForDeploymentPostprocessing = 0;
		};
/* End PBXSourcesBuildPhase section */

/* Begin XCBuildConfiguration section */
		915FB527276FD01400CAC2E4 /* Debug */ = {
			isa = XCBuildConfiguration;
			buildSettings = {
				ALWAYS_SEARCH_USER_PATHS = NO;
				CLANG_ANALYZER_NONNULL = YES;
				CLANG_ANALYZER_NUMBER_OBJECT_CONVERSION = YES_AGGRESSIVE;
				CLANG_CXX_LANGUAGE_STANDARD = "gnu++17";
				CLANG_CXX_LIBRARY = "libc++";
				CLANG_ENABLE_MODULES = YES;
				CLANG_ENABLE_OBJC_ARC = YES;
				CLANG_ENABLE_OBJC_WEAK = YES;
				CLANG_WARN_BLOCK_CAPTURE_AUTORELEASING = YES;
				CLANG_WARN_BOOL_CONVERSION = YES;
				CLANG_WARN_COMMA = YES;
				CLANG_WARN_CONSTANT_CONVERSION = YES;
				CLANG_WARN_DEPRECATED_OBJC_IMPLEMENTATIONS = YES;
				CLANG_WARN_DIRECT_OBJC_ISA_USAGE = YES_ERROR;
				CLANG_WARN_DOCUMENTATION_COMMENTS = YES;
				CLANG_WARN_EMPTY_BODY = YES;
				CLANG_WARN_ENUM_CONVERSION = YES;
				CLANG_WARN_INFINITE_RECURSION = YES;
				CLANG_WARN_INT_CONVERSION = YES;
				CLANG_WARN_NON_LITERAL_NULL_CONVERSION = YES;
				CLANG_WARN_OBJC_IMPLICIT_RETAIN_SELF = YES;
				CLANG_WARN_OBJC_LITERAL_CONVERSION = YES;
				CLANG_WARN_OBJC_ROOT_CLASS = YES_ERROR;
				CLANG_WARN_QUOTED_INCLUDE_IN_FRAMEWORK_HEADER = YES;
				CLANG_WARN_RANGE_LOOP_ANALYSIS = YES;
				CLANG_WARN_STRICT_PROTOTYPES = YES;
				CLANG_WARN_SUSPICIOUS_MOVE = YES;
				CLANG_WARN_UNGUARDED_AVAILABILITY = YES_AGGRESSIVE;
				CLANG_WARN_UNREACHABLE_CODE = YES;
				CLANG_WARN__DUPLICATE_METHOD_MATCH = YES;
				COPY_PHASE_STRIP = NO;
				DEBUG_INFORMATION_FORMAT = dwarf;
				ENABLE_STRICT_OBJC_MSGSEND = YES;
				ENABLE_TESTABILITY = YES;
				GCC_C_LANGUAGE_STANDARD = gnu11;
				GCC_DYNAMIC_NO_PIC = NO;
				GCC_NO_COMMON_BLOCKS = YES;
				GCC_OPTIMIZATION_LEVEL = 0;
				GCC_PREPROCESSOR_DEFINITIONS = (
					"DEBUG=1",
					"$(inherited)",
				);
				GCC_WARN_64_TO_32_BIT_CONVERSION = YES;
				GCC_WARN_ABOUT_RETURN_TYPE = YES_ERROR;
				GCC_WARN_UNDECLARED_SELECTOR = YES;
				GCC_WARN_UNINITIALIZED_AUTOS = YES_AGGRESSIVE;
				GCC_WARN_UNUSED_FUNCTION = YES;
				GCC_WARN_UNUSED_VARIABLE = YES;
				IPHONEOS_DEPLOYMENT_TARGET = 15.2;
				MTL_ENABLE_DEBUG_INFO = INCLUDE_SOURCE;
				MTL_FAST_MATH = YES;
				ONLY_ACTIVE_ARCH = YES;
				SDKROOT = iphoneos;
				SWIFT_ACTIVE_COMPILATION_CONDITIONS = DEBUG;
				SWIFT_OPTIMIZATION_LEVEL = "-Onone";
			};
			name = Debug;
		};
		915FB528276FD01400CAC2E4 /* Release */ = {
			isa = XCBuildConfiguration;
			buildSettings = {
				ALWAYS_SEARCH_USER_PATHS = NO;
				CLANG_ANALYZER_NONNULL = YES;
				CLANG_ANALYZER_NUMBER_OBJECT_CONVERSION = YES_AGGRESSIVE;
				CLANG_CXX_LANGUAGE_STANDARD = "gnu++17";
				CLANG_CXX_LIBRARY = "libc++";
				CLANG_ENABLE_MODULES = YES;
				CLANG_ENABLE_OBJC_ARC = YES;
				CLANG_ENABLE_OBJC_WEAK = YES;
				CLANG_WARN_BLOCK_CAPTURE_AUTORELEASING = YES;
				CLANG_WARN_BOOL_CONVERSION = YES;
				CLANG_WARN_COMMA = YES;
				CLANG_WARN_CONSTANT_CONVERSION = YES;
				CLANG_WARN_DEPRECATED_OBJC_IMPLEMENTATIONS = YES;
				CLANG_WARN_DIRECT_OBJC_ISA_USAGE = YES_ERROR;
				CLANG_WARN_DOCUMENTATION_COMMENTS = YES;
				CLANG_WARN_EMPTY_BODY = YES;
				CLANG_WARN_ENUM_CONVERSION = YES;
				CLANG_WARN_INFINITE_RECURSION = YES;
				CLANG_WARN_INT_CONVERSION = YES;
				CLANG_WARN_NON_LITERAL_NULL_CONVERSION = YES;
				CLANG_WARN_OBJC_IMPLICIT_RETAIN_SELF = YES;
				CLANG_WARN_OBJC_LITERAL_CONVERSION = YES;
				CLANG_WARN_OBJC_ROOT_CLASS = YES_ERROR;
				CLANG_WARN_QUOTED_INCLUDE_IN_FRAMEWORK_HEADER = YES;
				CLANG_WARN_RANGE_LOOP_ANALYSIS = YES;
				CLANG_WARN_STRICT_PROTOTYPES = YES;
				CLANG_WARN_SUSPICIOUS_MOVE = YES;
				CLANG_WARN_UNGUARDED_AVAILABILITY = YES_AGGRESSIVE;
				CLANG_WARN_UNREACHABLE_CODE = YES;
				CLANG_WARN__DUPLICATE_METHOD_MATCH = YES;
				COPY_PHASE_STRIP = NO;
				DEBUG_INFORMATION_FORMAT = "dwarf-with-dsym";
				ENABLE_NS_ASSERTIONS = NO;
				ENABLE_STRICT_OBJC_MSGSEND = YES;
				GCC_C_LANGUAGE_STANDARD = gnu11;
				GCC_NO_COMMON_BLOCKS = YES;
				GCC_WARN_64_TO_32_BIT_CONVERSION = YES;
				GCC_WARN_ABOUT_RETURN_TYPE = YES_ERROR;
				GCC_WARN_UNDECLARED_SELECTOR = YES;
				GCC_WARN_UNINITIALIZED_AUTOS = YES_AGGRESSIVE;
				GCC_WARN_UNUSED_FUNCTION = YES;
				GCC_WARN_UNUSED_VARIABLE = YES;
				IPHONEOS_DEPLOYMENT_TARGET = 15.2;
				MTL_ENABLE_DEBUG_INFO = NO;
				MTL_FAST_MATH = YES;
				SDKROOT = iphoneos;
				SWIFT_COMPILATION_MODE = wholemodule;
				SWIFT_OPTIMIZATION_LEVEL = "-O";
				VALIDATE_PRODUCT = YES;
			};
			name = Release;
		};
		915FB52A276FD01400CAC2E4 /* Debug */ = {
			isa = XCBuildConfiguration;
			buildSettings = {
				ASSETCATALOG_COMPILER_APPICON_NAME = AppIcon;
				ASSETCATALOG_COMPILER_GLOBAL_ACCENT_COLOR_NAME = AccentColor;
				CODE_SIGN_STYLE = Automatic;
				CURRENT_PROJECT_VERSION = 1;
				DEVELOPMENT_ASSET_PATHS = "\"SwiftUI_ToDo_App/Preview Content\"";
				DEVELOPMENT_TEAM = 8AG33EWU86;
				ENABLE_PREVIEWS = YES;
				GENERATE_INFOPLIST_FILE = YES;
				INFOPLIST_KEY_UIApplicationSceneManifest_Generation = YES;
				INFOPLIST_KEY_UIApplicationSupportsIndirectInputEvents = YES;
				INFOPLIST_KEY_UILaunchScreen_Generation = YES;
				INFOPLIST_KEY_UISupportedInterfaceOrientations_iPad = "UIInterfaceOrientationPortrait UIInterfaceOrientationPortraitUpsideDown UIInterfaceOrientationLandscapeLeft UIInterfaceOrientationLandscapeRight";
				INFOPLIST_KEY_UISupportedInterfaceOrientations_iPhone = "UIInterfaceOrientationPortrait UIInterfaceOrientationLandscapeLeft UIInterfaceOrientationLandscapeRight";
				LD_RUNPATH_SEARCH_PATHS = (
					"$(inherited)",
					"@executable_path/Frameworks",
				);
				MARKETING_VERSION = 1.0;
				PRODUCT_BUNDLE_IDENTIFIER = "com.imoment.SwiftUI-ToDo-App";
				PRODUCT_NAME = "$(TARGET_NAME)";
				SWIFT_EMIT_LOC_STRINGS = YES;
				SWIFT_VERSION = 5.0;
				TARGETED_DEVICE_FAMILY = "1,2";
			};
			name = Debug;
		};
		915FB52B276FD01400CAC2E4 /* Release */ = {
			isa = XCBuildConfiguration;
			buildSettings = {
				ASSETCATALOG_COMPILER_APPICON_NAME = AppIcon;
				ASSETCATALOG_COMPILER_GLOBAL_ACCENT_COLOR_NAME = AccentColor;
				CODE_SIGN_STYLE = Automatic;
				CURRENT_PROJECT_VERSION = 1;
				DEVELOPMENT_ASSET_PATHS = "\"SwiftUI_ToDo_App/Preview Content\"";
				DEVELOPMENT_TEAM = 8AG33EWU86;
				ENABLE_PREVIEWS = YES;
				GENERATE_INFOPLIST_FILE = YES;
				INFOPLIST_KEY_UIApplicationSceneManifest_Generation = YES;
				INFOPLIST_KEY_UIApplicationSupportsIndirectInputEvents = YES;
				INFOPLIST_KEY_UILaunchScreen_Generation = YES;
				INFOPLIST_KEY_UISupportedInterfaceOrientations_iPad = "UIInterfaceOrientationPortrait UIInterfaceOrientationPortraitUpsideDown UIInterfaceOrientationLandscapeLeft UIInterfaceOrientationLandscapeRight";
				INFOPLIST_KEY_UISupportedInterfaceOrientations_iPhone = "UIInterfaceOrientationPortrait UIInterfaceOrientationLandscapeLeft UIInterfaceOrientationLandscapeRight";
				LD_RUNPATH_SEARCH_PATHS = (
					"$(inherited)",
					"@executable_path/Frameworks",
				);
				MARKETING_VERSION = 1.0;
				PRODUCT_BUNDLE_IDENTIFIER = "com.imoment.SwiftUI-ToDo-App";
				PRODUCT_NAME = "$(TARGET_NAME)";
				SWIFT_EMIT_LOC_STRINGS = YES;
				SWIFT_VERSION = 5.0;
				TARGETED_DEVICE_FAMILY = "1,2";
			};
			name = Release;
		};
/* End XCBuildConfiguration section */

/* Begin XCConfigurationList section */
		915FB516276FD01300CAC2E4 /* Build configuration list for PBXProject "SwiftUI_ToDo_App" */ = {
			isa = XCConfigurationList;
			buildConfigurations = (
				915FB527276FD01400CAC2E4 /* Debug */,
				915FB528276FD01400CAC2E4 /* Release */,
			);
			defaultConfigurationIsVisible = 0;
			defaultConfigurationName = Release;
		};
		915FB529276FD01400CAC2E4 /* Build configuration list for PBXNativeTarget "SwiftUI_ToDo_App" */ = {
			isa = XCConfigurationList;
			buildConfigurations = (
				915FB52A276FD01400CAC2E4 /* Debug */,
				915FB52B276FD01400CAC2E4 /* Release */,
			);
			defaultConfigurationIsVisible = 0;
			defaultConfigurationName = Release;
		};
/* End XCConfigurationList section */

/* Begin XCRemoteSwiftPackageReference section */
		915FB536276FE3DB00CAC2E4 /* XCRemoteSwiftPackageReference "realm-swift" */ = {
			isa = XCRemoteSwiftPackageReference;
			repositoryURL = "https://github.com/realm/realm-swift";
			requirement = {
				kind = upToNextMajorVersion;
				minimumVersion = 10.10.0;
			};
		};
/* End XCRemoteSwiftPackageReference section */

/* Begin XCSwiftPackageProductDependency section */
		915FB537276FE3DB00CAC2E4 /* Realm */ = {
			isa = XCSwiftPackageProductDependency;
			package = 915FB536276FE3DB00CAC2E4 /* XCRemoteSwiftPackageReference "realm-swift" */;
			productName = Realm;
		};
		915FB539276FE3DB00CAC2E4 /* RealmSwift */ = {
			isa = XCSwiftPackageProductDependency;
			package = 915FB536276FE3DB00CAC2E4 /* XCRemoteSwiftPackageReference "realm-swift" */;
			productName = RealmSwift;
		};
/* End XCSwiftPackageProductDependency section */
	};
	rootObject = 915FB513276FD01300CAC2E4 /* Project object */;
}
